
Microsoft Visual Studio Solution File, Format Version 12.00
# Visual Studio Version 17
VisualStudioVersion = 17.9.34728.123
MinimumVisualStudioVersion = 10.0.40219.1
Project("{FAE04EC0-301F-11D3-BF4B-00C04F79EFBC}") = "SelepassBack", "SelepassBack\SelepassBack.csproj", "{29BCF429-9A3F-40AA-A70C-B2C65A16707A}"
EndProject
Global
	GlobalSection(SolutionConfigurationPlatforms) = preSolution
		Debug|Any CPU = Debug|Any CPU
		Release|Any CPU = Release|Any CPU
	EndGlobalSection
	GlobalSection(ProjectConfigurationPlatforms) = postSolution
		{29BCF429-9A3F-40AA-A70C-B2C65A16707A}.Debug|Any CPU.ActiveCfg = Debug|Any CPU
		{29BCF429-9A3F-40AA-A70C-B2C65A16707A}.Debug|Any CPU.Build.0 = Debug|Any CPU
		{29BCF429-9A3F-40AA-A70C-B2C65A16707A}.Release|Any CPU.ActiveCfg = Release|Any CPU
		{29BCF429-9A3F-40AA-A70C-B2C65A16707A}.Release|Any CPU.Build.0 = Release|Any CPU
	EndGlobalSection
	GlobalSection(SolutionProperties) = preSolution
		HideSolutionNode = FALSE
	EndGlobalSection
	GlobalSection(ExtensibilityGlobals) = postSolution
		SolutionGuid = {58E422F7-629E-47C2-AEFF-ED1B0019114D}
	EndGlobalSection
EndGlobal
